
Microsoft Visual Studio Solution File, Format Version 12.00
# Visual Studio 2013
VisualStudioVersion = 12.0.31101.0
MinimumVisualStudioVersion = 10.0.40219.1
Project("{FAE04EC0-301F-11D3-BF4B-00C04F79EFBC}") = "Tile.Fixer", "TileFixer\Tile.Fixer.csproj", "{2EE0096B-3DB7-43BB-968D-F5B91C94D1C0}"
EndProject
Project("{2150E333-8FDC-42A3-9474-1A3956D46DE8}") = ".nuget", ".nuget", "{1EE7DAD4-8318-4AC1-8912-22C9896E686F}"
	ProjectSection(SolutionItems) = preProject
		.nuget\NuGet.Config = .nuget\NuGet.Config
		.nuget\NuGet.exe = .nuget\NuGet.exe
		.nuget\NuGet.targets = .nuget\NuGet.targets
	EndProjectSection
EndProject
Project("{FAE04EC0-301F-11D3-BF4B-00C04F79EFBC}") = "Tile.ServiceModel", "TileFixer.ServiceModel\Tile.ServiceModel.csproj", "{F14D37F6-D69F-4D2A-A075-3BCD137B1517}"
EndProject
Project("{FAE04EC0-301F-11D3-BF4B-00C04F79EFBC}") = "Tile.ServiceInterface", "TileFixer.ServiceInterface\Tile.ServiceInterface.csproj", "{D735D9C6-BD58-4A93-BEA4-30AFCD3FACCB}"
EndProject
Project("{FAE04EC0-301F-11D3-BF4B-00C04F79EFBC}") = "TileFixer.Tests", "TileFixer.Tests\TileFixer.Tests.csproj", "{D9C23A50-89CB-4DD6-BA22-7881518933AF}"
EndProject
Project("{FAE04EC0-301F-11D3-BF4B-00C04F79EFBC}") = "Tile.Caching", "TileFixer.Caching\Tile.Caching.csproj", "{5B889ECF-3D11-4B95-9F8B-92315F8C4FFF}"
EndProject
Global
	GlobalSection(SolutionConfigurationPlatforms) = preSolution
		Debug|Any CPU = Debug|Any CPU
		Release|Any CPU = Release|Any CPU
	EndGlobalSection
	GlobalSection(ProjectConfigurationPlatforms) = postSolution
		{2EE0096B-3DB7-43BB-968D-F5B91C94D1C0}.Debug|Any CPU.ActiveCfg = Debug|Any CPU
		{2EE0096B-3DB7-43BB-968D-F5B91C94D1C0}.Debug|Any CPU.Build.0 = Debug|Any CPU
		{2EE0096B-3DB7-43BB-968D-F5B91C94D1C0}.Release|Any CPU.ActiveCfg = Release|Any CPU
		{2EE0096B-3DB7-43BB-968D-F5B91C94D1C0}.Release|Any CPU.Build.0 = Release|Any CPU
		{F14D37F6-D69F-4D2A-A075-3BCD137B1517}.Debug|Any CPU.ActiveCfg = Debug|Any CPU
		{F14D37F6-D69F-4D2A-A075-3BCD137B1517}.Debug|Any CPU.Build.0 = Debug|Any CPU
		{F14D37F6-D69F-4D2A-A075-3BCD137B1517}.Release|Any CPU.ActiveCfg = Release|Any CPU
		{F14D37F6-D69F-4D2A-A075-3BCD137B1517}.Release|Any CPU.Build.0 = Release|Any CPU
		{D735D9C6-BD58-4A93-BEA4-30AFCD3FACCB}.Debug|Any CPU.ActiveCfg = Debug|Any CPU
		{D735D9C6-BD58-4A93-BEA4-30AFCD3FACCB}.Debug|Any CPU.Build.0 = Debug|Any CPU
		{D735D9C6-BD58-4A93-BEA4-30AFCD3FACCB}.Release|Any CPU.ActiveCfg = Release|Any CPU
		{D735D9C6-BD58-4A93-BEA4-30AFCD3FACCB}.Release|Any CPU.Build.0 = Release|Any CPU
		{D9C23A50-89CB-4DD6-BA22-7881518933AF}.Debug|Any CPU.ActiveCfg = Debug|Any CPU
		{D9C23A50-89CB-4DD6-BA22-7881518933AF}.Debug|Any CPU.Build.0 = Debug|Any CPU
		{D9C23A50-89CB-4DD6-BA22-7881518933AF}.Release|Any CPU.ActiveCfg = Release|Any CPU
		{D9C23A50-89CB-4DD6-BA22-7881518933AF}.Release|Any CPU.Build.0 = Release|Any CPU
		{5B889ECF-3D11-4B95-9F8B-92315F8C4FFF}.Debug|Any CPU.ActiveCfg = Debug|Any CPU
		{5B889ECF-3D11-4B95-9F8B-92315F8C4FFF}.Debug|Any CPU.Build.0 = Debug|Any CPU
		{5B889ECF-3D11-4B95-9F8B-92315F8C4FFF}.Release|Any CPU.ActiveCfg = Release|Any CPU
		{5B889ECF-3D11-4B95-9F8B-92315F8C4FFF}.Release|Any CPU.Build.0 = Release|Any CPU
	EndGlobalSection
	GlobalSection(SolutionProperties) = preSolution
		HideSolutionNode = FALSE
	EndGlobalSection
EndGlobal
